// !$*UTF8*$!
{
	archiveVersion = 1;
	classes = {
	};
	objectVersion = 77;
	objects = {

/* Begin PBXBuildFile section */
		0063BD5382F3078CFBF4B7A7 /* SettingsView.swift in Sources */ = {isa = PBXBuildFile; fileRef = 369F06060C9C3910E329F9D6 /* SettingsView.swift */; };
		093B30395BF65F6379720DE8 /* CachedAsyncImage.swift in Sources */ = {isa = PBXBuildFile; fileRef = 299C2E93F0986ED708B050C5 /* CachedAsyncImage.swift */; };
		1073548ED81F3EFDEBF624D4 /* ImageCaptureService.swift in Sources */ = {isa = PBXBuildFile; fileRef = 95EB9BA6437F1DDF7BFB22C9 /* ImageCaptureService.swift */; };
		16DE2FDA95DBD159E6E28810 /* NetworkMonitor.swift in Sources */ = {isa = PBXBuildFile; fileRef = A56FBE1AEBDC9E0B1BEC8E38 /* NetworkMonitor.swift */; };
		21FA54206BD57281B39BDA39 /* SwiftDataLibraryCache.swift in Sources */ = {isa = PBXBuildFile; fileRef = D961EB88A849DF0D30E563D5 /* SwiftDataLibraryCache.swift */; };
		21FC93F6AAB24F06E6C918A7 /* LibraryListView.swift in Sources */ = {isa = PBXBuildFile; fileRef = 0C63E78F83F1BF3644DEF914 /* LibraryListView.swift */; };
		2B551AFB11CBF61727E62907 /* DetailView.swift in Sources */ = {isa = PBXBuildFile; fileRef = 629D838ADABC3D1EB29ACA6A /* DetailView.swift */; };
		3013E7212C60DF4E1EE0A411 /* DiscogsMatchCard.swift in Sources */ = {isa = PBXBuildFile; fileRef = 96BDF18534824A329CD517D6 /* DiscogsMatchCard.swift */; };
		30D2D9DEDB2FA5E8DFC4C625 /* ContentView.swift in Sources */ = {isa = PBXBuildFile; fileRef = 8FA9D7A0E93BBB08AADC9FEA /* ContentView.swift */; };
		34BD86082ABF7992AEB7DE2C /* VisionService.swift in Sources */ = {isa = PBXBuildFile; fileRef = 9BDF0856DA2E3DFDB893F653 /* VisionService.swift */; };
		38F77FC47EA68CA23E4F8F94 /* MyCollectionView.swift in Sources */ = {isa = PBXBuildFile; fileRef = C743E8B6BBE0AC10CCA59602 /* MyCollectionView.swift */; };
		470DCDA465A5F1FB71A8DA4C /* DiscogsService.swift in Sources */ = {isa = PBXBuildFile; fileRef = 0E14585CC1C6025BBCB102C0 /* DiscogsService.swift */; };
		60B138742ED3C438028900EF /* DiscogsLibraryService.swift in Sources */ = {isa = PBXBuildFile; fileRef = EA5571A53F02B02863A80BF6 /* DiscogsLibraryService.swift */; };
		745D095F6754F6C808494527 /* PersistenceService.swift in Sources */ = {isa = PBXBuildFile; fileRef = 6EB381F6B8C3C40FCFE5B72E /* PersistenceService.swift */; };
		81B64503AE8815B00D2BAEE8 /* FlipSideApp.swift in Sources */ = {isa = PBXBuildFile; fileRef = C713B19E709576052C4C831F /* FlipSideApp.swift */; };
		83E55396995E052B7D63BD33 /* LibraryEntry.swift in Sources */ = {isa = PBXBuildFile; fileRef = 1E488ECD9838D0ABB7F4A33D /* LibraryEntry.swift */; };
		84FA0A8493641F8EB680A2CE /* PhotoLibraryPicker.swift in Sources */ = {isa = PBXBuildFile; fileRef = 77C7C647E8921EEFA96A4464 /* PhotoLibraryPicker.swift */; };
		86AC39FAD1914573A51A2F78 /* Scan.swift in Sources */ = {isa = PBXBuildFile; fileRef = 35862C30A935DEC9412C2DF2 /* Scan.swift */; };
		8AFA31FB9CBCD42282FB65D3 /* DiscogsMatchCarousel.swift in Sources */ = {isa = PBXBuildFile; fileRef = 7EE614C3E5F086A9286403F5 /* DiscogsMatchCarousel.swift */; };
		A4B86DB718E1833CF130AE61 /* MyWantlistView.swift in Sources */ = {isa = PBXBuildFile; fileRef = 74B4FD673887E0294EC64112 /* MyWantlistView.swift */; };
		A6A95750BBCFB262DBDD6273 /* ImageCaptureSheet.swift in Sources */ = {isa = PBXBuildFile; fileRef = 5D8D198EB8B2C3094DDD8AB9 /* ImageCaptureSheet.swift */; };
		AD826A6D37AF3E3C35B2CFB0 /* KeychainService.swift in Sources */ = {isa = PBXBuildFile; fileRef = 908BAF5AAEFB77E86F27BD25 /* KeychainService.swift */; };
		B56D3B542306148D0EE641E1 /* DiscogsLibraryViewModel.swift in Sources */ = {isa = PBXBuildFile; fileRef = BEF623462BFA4AA8672B251E /* DiscogsLibraryViewModel.swift */; };
		BA0BF7913856EC44C34DE9CF /* ResultView.swift in Sources */ = {isa = PBXBuildFile; fileRef = 1ABD410546466CB976DF177F /* ResultView.swift */; };
		DAD35DB0C043D19ADE4E7D1E /* ProcessingView.swift in Sources */ = {isa = PBXBuildFile; fileRef = 3F710380C860B44B2210F50C /* ProcessingView.swift */; };
		FEE45467E7C04636CFD14AB3 /* CameraPreviewView.swift in Sources */ = {isa = PBXBuildFile; fileRef = 3286C01D81D5167BFC0210F3 /* CameraPreviewView.swift */; };
/* End PBXBuildFile section */

/* Begin PBXFileReference section */
		0C63E78F83F1BF3644DEF914 /* LibraryListView.swift */ = {isa = PBXFileReference; lastKnownFileType = sourcecode.swift; path = LibraryListView.swift; sourceTree = "<group>"; };
		0E14585CC1C6025BBCB102C0 /* DiscogsService.swift */ = {isa = PBXFileReference; lastKnownFileType = sourcecode.swift; path = DiscogsService.swift; sourceTree = "<group>"; };
		1ABD410546466CB976DF177F /* ResultView.swift */ = {isa = PBXFileReference; lastKnownFileType = sourcecode.swift; path = ResultView.swift; sourceTree = "<group>"; };
		1E488ECD9838D0ABB7F4A33D /* LibraryEntry.swift */ = {isa = PBXFileReference; lastKnownFileType = sourcecode.swift; path = LibraryEntry.swift; sourceTree = "<group>"; };
		299C2E93F0986ED708B050C5 /* CachedAsyncImage.swift */ = {isa = PBXFileReference; lastKnownFileType = sourcecode.swift; path = CachedAsyncImage.swift; sourceTree = "<group>"; };
		3286C01D81D5167BFC0210F3 /* CameraPreviewView.swift */ = {isa = PBXFileReference; lastKnownFileType = sourcecode.swift; path = CameraPreviewView.swift; sourceTree = "<group>"; };
		35862C30A935DEC9412C2DF2 /* Scan.swift */ = {isa = PBXFileReference; lastKnownFileType = sourcecode.swift; path = Scan.swift; sourceTree = "<group>"; };
		369F06060C9C3910E329F9D6 /* SettingsView.swift */ = {isa = PBXFileReference; lastKnownFileType = sourcecode.swift; path = SettingsView.swift; sourceTree = "<group>"; };
		381C45531F49D9710B80692F /* Info.plist */ = {isa = PBXFileReference; lastKnownFileType = text.plist; path = Info.plist; sourceTree = "<group>"; };
		3F710380C860B44B2210F50C /* ProcessingView.swift */ = {isa = PBXFileReference; lastKnownFileType = sourcecode.swift; path = ProcessingView.swift; sourceTree = "<group>"; };
		5D8D198EB8B2C3094DDD8AB9 /* ImageCaptureSheet.swift */ = {isa = PBXFileReference; lastKnownFileType = sourcecode.swift; path = ImageCaptureSheet.swift; sourceTree = "<group>"; };
		629D838ADABC3D1EB29ACA6A /* DetailView.swift */ = {isa = PBXFileReference; lastKnownFileType = sourcecode.swift; path = DetailView.swift; sourceTree = "<group>"; };
		6EB381F6B8C3C40FCFE5B72E /* PersistenceService.swift */ = {isa = PBXFileReference; lastKnownFileType = sourcecode.swift; path = PersistenceService.swift; sourceTree = "<group>"; };
		74B4FD673887E0294EC64112 /* MyWantlistView.swift */ = {isa = PBXFileReference; lastKnownFileType = sourcecode.swift; path = MyWantlistView.swift; sourceTree = "<group>"; };
		77C7C647E8921EEFA96A4464 /* PhotoLibraryPicker.swift */ = {isa = PBXFileReference; lastKnownFileType = sourcecode.swift; path = PhotoLibraryPicker.swift; sourceTree = "<group>"; };
		7EE614C3E5F086A9286403F5 /* DiscogsMatchCarousel.swift */ = {isa = PBXFileReference; lastKnownFileType = sourcecode.swift; path = DiscogsMatchCarousel.swift; sourceTree = "<group>"; };
		8FA9D7A0E93BBB08AADC9FEA /* ContentView.swift */ = {isa = PBXFileReference; lastKnownFileType = sourcecode.swift; path = ContentView.swift; sourceTree = "<group>"; };
		908BAF5AAEFB77E86F27BD25 /* KeychainService.swift */ = {isa = PBXFileReference; lastKnownFileType = sourcecode.swift; path = KeychainService.swift; sourceTree = "<group>"; };
		95EB9BA6437F1DDF7BFB22C9 /* ImageCaptureService.swift */ = {isa = PBXFileReference; lastKnownFileType = sourcecode.swift; path = ImageCaptureService.swift; sourceTree = "<group>"; };
		96BDF18534824A329CD517D6 /* DiscogsMatchCard.swift */ = {isa = PBXFileReference; lastKnownFileType = sourcecode.swift; path = DiscogsMatchCard.swift; sourceTree = "<group>"; };
		9BDF0856DA2E3DFDB893F653 /* VisionService.swift */ = {isa = PBXFileReference; lastKnownFileType = sourcecode.swift; path = VisionService.swift; sourceTree = "<group>"; };
		A56FBE1AEBDC9E0B1BEC8E38 /* NetworkMonitor.swift */ = {isa = PBXFileReference; lastKnownFileType = sourcecode.swift; path = NetworkMonitor.swift; sourceTree = "<group>"; };
		BEF623462BFA4AA8672B251E /* DiscogsLibraryViewModel.swift */ = {isa = PBXFileReference; lastKnownFileType = sourcecode.swift; path = DiscogsLibraryViewModel.swift; sourceTree = "<group>"; };
		C713B19E709576052C4C831F /* FlipSideApp.swift */ = {isa = PBXFileReference; lastKnownFileType = sourcecode.swift; path = FlipSideApp.swift; sourceTree = "<group>"; };
		C743E8B6BBE0AC10CCA59602 /* MyCollectionView.swift */ = {isa = PBXFileReference; lastKnownFileType = sourcecode.swift; path = MyCollectionView.swift; sourceTree = "<group>"; };
		D961EB88A849DF0D30E563D5 /* SwiftDataLibraryCache.swift */ = {isa = PBXFileReference; lastKnownFileType = sourcecode.swift; path = SwiftDataLibraryCache.swift; sourceTree = "<group>"; };
		EA5571A53F02B02863A80BF6 /* DiscogsLibraryService.swift */ = {isa = PBXFileReference; lastKnownFileType = sourcecode.swift; path = DiscogsLibraryService.swift; sourceTree = "<group>"; };
		ED9CBAE509A45A09ABD0CBAF /* FlipSide.app */ = {isa = PBXFileReference; includeInIndex = 0; lastKnownFileType = wrapper.application; path = FlipSide.app; sourceTree = BUILT_PRODUCTS_DIR; };
/* End PBXFileReference section */

/* Begin PBXGroup section */
		0945C28685A37273586B835C /* Models */ = {
			isa = PBXGroup;
			children = (
				1E488ECD9838D0ABB7F4A33D /* LibraryEntry.swift */,
				35862C30A935DEC9412C2DF2 /* Scan.swift */,
			);
			path = Models;
			sourceTree = "<group>";
		};
		1B6EFD1A97748B9F8817C196 /* FlipSide */ = {
			isa = PBXGroup;
			children = (
				8FA9D7A0E93BBB08AADC9FEA /* ContentView.swift */,
				C713B19E709576052C4C831F /* FlipSideApp.swift */,
				381C45531F49D9710B80692F /* Info.plist */,
				0945C28685A37273586B835C /* Models */,
				C1767B24B5559214C69C9EF3 /* Services */,
				68D6B60D9BCBDCFEAA631008 /* Views */,
			);
			path = FlipSide;
			sourceTree = "<group>";
		};
		68D6B60D9BCBDCFEAA631008 /* Views */ = {
			isa = PBXGroup;
			children = (
				3286C01D81D5167BFC0210F3 /* CameraPreviewView.swift */,
				629D838ADABC3D1EB29ACA6A /* DetailView.swift */,
				5D8D198EB8B2C3094DDD8AB9 /* ImageCaptureSheet.swift */,
				0C63E78F83F1BF3644DEF914 /* LibraryListView.swift */,
				C743E8B6BBE0AC10CCA59602 /* MyCollectionView.swift */,
				74B4FD673887E0294EC64112 /* MyWantlistView.swift */,
				77C7C647E8921EEFA96A4464 /* PhotoLibraryPicker.swift */,
				3F710380C860B44B2210F50C /* ProcessingView.swift */,
				1ABD410546466CB976DF177F /* ResultView.swift */,
				369F06060C9C3910E329F9D6 /* SettingsView.swift */,
				9627BAFF07D18EA883CEDF4A /* Components */,
			);
			path = Views;
			sourceTree = "<group>";
		};
		9627BAFF07D18EA883CEDF4A /* Components */ = {
			isa = PBXGroup;
			children = (
				299C2E93F0986ED708B050C5 /* CachedAsyncImage.swift */,
				96BDF18534824A329CD517D6 /* DiscogsMatchCard.swift */,
				7EE614C3E5F086A9286403F5 /* DiscogsMatchCarousel.swift */,
			);
			path = Components;
			sourceTree = "<group>";
		};
		C1767B24B5559214C69C9EF3 /* Services */ = {
			isa = PBXGroup;
			children = (
				EA5571A53F02B02863A80BF6 /* DiscogsLibraryService.swift */,
				BEF623462BFA4AA8672B251E /* DiscogsLibraryViewModel.swift */,
				0E14585CC1C6025BBCB102C0 /* DiscogsService.swift */,
				95EB9BA6437F1DDF7BFB22C9 /* ImageCaptureService.swift */,
				908BAF5AAEFB77E86F27BD25 /* KeychainService.swift */,
				A56FBE1AEBDC9E0B1BEC8E38 /* NetworkMonitor.swift */,
				6EB381F6B8C3C40FCFE5B72E /* PersistenceService.swift */,
				D961EB88A849DF0D30E563D5 /* SwiftDataLibraryCache.swift */,
				9BDF0856DA2E3DFDB893F653 /* VisionService.swift */,
			);
			path = Services;
			sourceTree = "<group>";
		};
		F3082CA6946E4CE2ACBEB8A4 = {
			isa = PBXGroup;
			children = (
				1B6EFD1A97748B9F8817C196 /* FlipSide */,
				FA341FDCABE236F3D5D54B73 /* Products */,
			);
			sourceTree = "<group>";
		};
		FA341FDCABE236F3D5D54B73 /* Products */ = {
			isa = PBXGroup;
			children = (
				ED9CBAE509A45A09ABD0CBAF /* FlipSide.app */,
			);
			name = Products;
			sourceTree = "<group>";
		};
/* End PBXGroup section */

/* Begin PBXNativeTarget section */
		F7623E7042B22F5ED35619A4 /* FlipSide */ = {
			isa = PBXNativeTarget;
			buildConfigurationList = E68C8568E4B278ACA0CFD8EC /* Build configuration list for PBXNativeTarget "FlipSide" */;
			buildPhases = (
				9D3DE160D4CB1CA607C07135 /* Sources */,
			);
			buildRules = (
			);
			dependencies = (
			);
			name = FlipSide;
			packageProductDependencies = (
			);
			productName = FlipSide;
			productReference = ED9CBAE509A45A09ABD0CBAF /* FlipSide.app */;
			productType = "com.apple.product-type.application";
		};
/* End PBXNativeTarget section */

/* Begin PBXProject section */
		D36EFDD00C50C27F099FAF6D /* Project object */ = {
			isa = PBXProject;
			attributes = {
				BuildIndependentTargetsInParallel = YES;
				LastUpgradeCheck = 1430;
			};
			buildConfigurationList = 0469DB70CB6EEFE5CF80A83E /* Build configuration list for PBXProject "FlipSide" */;
			compatibilityVersion = "Xcode 14.0";
			developmentRegion = en;
			hasScannedForEncodings = 0;
			knownRegions = (
				Base,
				en,
			);
			mainGroup = F3082CA6946E4CE2ACBEB8A4;
			minimizedProjectReferenceProxies = 1;
			preferredProjectObjectVersion = 77;
			projectDirPath = "";
			projectRoot = "";
			targets = (
				F7623E7042B22F5ED35619A4 /* FlipSide */,
			);
		};
/* End PBXProject section */

/* Begin PBXSourcesBuildPhase section */
		9D3DE160D4CB1CA607C07135 /* Sources */ = {
			isa = PBXSourcesBuildPhase;
			buildActionMask = 2147483647;
			files = (
				093B30395BF65F6379720DE8 /* CachedAsyncImage.swift in Sources */,
				FEE45467E7C04636CFD14AB3 /* CameraPreviewView.swift in Sources */,
				30D2D9DEDB2FA5E8DFC4C625 /* ContentView.swift in Sources */,
				2B551AFB11CBF61727E62907 /* DetailView.swift in Sources */,
				60B138742ED3C438028900EF /* DiscogsLibraryService.swift in Sources */,
				B56D3B542306148D0EE641E1 /* DiscogsLibraryViewModel.swift in Sources */,
				3013E7212C60DF4E1EE0A411 /* DiscogsMatchCard.swift in Sources */,
				8AFA31FB9CBCD42282FB65D3 /* DiscogsMatchCarousel.swift in Sources */,
				470DCDA465A5F1FB71A8DA4C /* DiscogsService.swift in Sources */,
				81B64503AE8815B00D2BAEE8 /* FlipSideApp.swift in Sources */,
				1073548ED81F3EFDEBF624D4 /* ImageCaptureService.swift in Sources */,
				A6A95750BBCFB262DBDD6273 /* ImageCaptureSheet.swift in Sources */,
				AD826A6D37AF3E3C35B2CFB0 /* KeychainService.swift in Sources */,
				83E55396995E052B7D63BD33 /* LibraryEntry.swift in Sources */,
				21FC93F6AAB24F06E6C918A7 /* LibraryListView.swift in Sources */,
				38F77FC47EA68CA23E4F8F94 /* MyCollectionView.swift in Sources */,
				A4B86DB718E1833CF130AE61 /* MyWantlistView.swift in Sources */,
				16DE2FDA95DBD159E6E28810 /* NetworkMonitor.swift in Sources */,
				745D095F6754F6C808494527 /* PersistenceService.swift in Sources */,
				84FA0A8493641F8EB680A2CE /* PhotoLibraryPicker.swift in Sources */,
				DAD35DB0C043D19ADE4E7D1E /* ProcessingView.swift in Sources */,
				BA0BF7913856EC44C34DE9CF /* ResultView.swift in Sources */,
				86AC39FAD1914573A51A2F78 /* Scan.swift in Sources */,
				0063BD5382F3078CFBF4B7A7 /* SettingsView.swift in Sources */,
				21FA54206BD57281B39BDA39 /* SwiftDataLibraryCache.swift in Sources */,
				34BD86082ABF7992AEB7DE2C /* VisionService.swift in Sources */,
			);
			runOnlyForDeploymentPostprocessing = 0;
		};
/* End PBXSourcesBuildPhase section */

/* Begin XCBuildConfiguration section */
		066E96F1A12BEBE6AFF2DA06 /* Release */ = {
			isa = XCBuildConfiguration;
			buildSettings = {
				ASSETCATALOG_COMPILER_APPICON_NAME = AppIcon;
				CODE_SIGN_IDENTITY = "iPhone Developer";
				CURRENT_PROJECT_VERSION = 1;
				ENABLE_PREVIEWS = YES;
				INFOPLIST_FILE = FlipSide/Info.plist;
				IPHONEOS_DEPLOYMENT_TARGET = 17.0;
				LD_RUNPATH_SEARCH_PATHS = (
					"$(inherited)",
					"@executable_path/Frameworks",
				);
				MARKETING_VERSION = 1.0;
				PRODUCT_BUNDLE_IDENTIFIER = com.flipside.FlipSide;
				SDKROOT = iphoneos;
				SWIFT_VERSION = 5.9;
				TARGETED_DEVICE_FAMILY = 1;
			};
			name = Release;
		};
		4AA88C57398AE1F3CD8C3688 /* Release */ = {
			isa = XCBuildConfiguration;
			buildSettings = {
				ALWAYS_SEARCH_USER_PATHS = NO;
				CLANG_ANALYZER_NONNULL = YES;
				CLANG_ANALYZER_NUMBER_OBJECT_CONVERSION = YES_AGGRESSIVE;
				CLANG_CXX_LANGUAGE_STANDARD = "gnu++14";
				CLANG_CXX_LIBRARY = "libc++";
				CLANG_ENABLE_MODULES = YES;
				CLANG_ENABLE_OBJC_ARC = YES;
				CLANG_ENABLE_OBJC_WEAK = YES;
				CLANG_WARN_BLOCK_CAPTURE_AUTORELEASING = YES;
				CLANG_WARN_BOOL_CONVERSION = YES;
				CLANG_WARN_COMMA = YES;
				CLANG_WARN_CONSTANT_CONVERSION = YES;
				CLANG_WARN_DEPRECATED_OBJC_IMPLEMENTATIONS = YES;
				CLANG_WARN_DIRECT_OBJC_ISA_USAGE = YES_ERROR;
				CLANG_WARN_DOCUMENTATION_COMMENTS = YES;
				CLANG_WARN_EMPTY_BODY = YES;
				CLANG_WARN_ENUM_CONVERSION = YES;
				CLANG_WARN_INFINITE_RECURSION = YES;
				CLANG_WARN_INT_CONVERSION = YES;
				CLANG_WARN_NON_LITERAL_NULL_CONVERSION = YES;
				CLANG_WARN_OBJC_IMPLICIT_RETAIN_SELF = YES;
				CLANG_WARN_OBJC_LITERAL_CONVERSION = YES;
				CLANG_WARN_OBJC_ROOT_CLASS = YES_ERROR;
				CLANG_WARN_QUOTED_INCLUDE_IN_FRAMEWORK_HEADER = YES;
				CLANG_WARN_RANGE_LOOP_ANALYSIS = YES;
				CLANG_WARN_STRICT_PROTOTYPES = YES;
				CLANG_WARN_SUSPICIOUS_MOVE = YES;
				CLANG_WARN_UNGUARDED_AVAILABILITY = YES_AGGRESSIVE;
				CLANG_WARN_UNREACHABLE_CODE = YES;
				CLANG_WARN__DUPLICATE_METHOD_MATCH = YES;
				COPY_PHASE_STRIP = NO;
				DEBUG_INFORMATION_FORMAT = "dwarf-with-dsym";
				ENABLE_NS_ASSERTIONS = NO;
				ENABLE_STRICT_OBJC_MSGSEND = YES;
				GCC_C_LANGUAGE_STANDARD = gnu11;
				GCC_NO_COMMON_BLOCKS = YES;
				GCC_WARN_64_TO_32_BIT_CONVERSION = YES;
				GCC_WARN_ABOUT_RETURN_TYPE = YES_ERROR;
				GCC_WARN_UNDECLARED_SELECTOR = YES;
				GCC_WARN_UNINITIALIZED_AUTOS = YES_AGGRESSIVE;
				GCC_WARN_UNUSED_FUNCTION = YES;
				GCC_WARN_UNUSED_VARIABLE = YES;
				IPHONEOS_DEPLOYMENT_TARGET = 17.0;
				MTL_ENABLE_DEBUG_INFO = NO;
				MTL_FAST_MATH = YES;
				PRODUCT_NAME = "$(TARGET_NAME)";
				SDKROOT = iphoneos;
				SWIFT_COMPILATION_MODE = wholemodule;
				SWIFT_OPTIMIZATION_LEVEL = "-O";
				SWIFT_VERSION = 5.0;
			};
			name = Release;
		};
		A56637A8B645624C6FD871ED /* Debug */ = {
			isa = XCBuildConfiguration;
			buildSettings = {
				ALWAYS_SEARCH_USER_PATHS = NO;
				CLANG_ANALYZER_NONNULL = YES;
				CLANG_ANALYZER_NUMBER_OBJECT_CONVERSION = YES_AGGRESSIVE;
				CLANG_CXX_LANGUAGE_STANDARD = "gnu++14";
				CLANG_CXX_LIBRARY = "libc++";
				CLANG_ENABLE_MODULES = YES;
				CLANG_ENABLE_OBJC_ARC = YES;
				CLANG_ENABLE_OBJC_WEAK = YES;
				CLANG_WARN_BLOCK_CAPTURE_AUTORELEASING = YES;
				CLANG_WARN_BOOL_CONVERSION = YES;
				CLANG_WARN_COMMA = YES;
				CLANG_WARN_CONSTANT_CONVERSION = YES;
				CLANG_WARN_DEPRECATED_OBJC_IMPLEMENTATIONS = YES;
				CLANG_WARN_DIRECT_OBJC_ISA_USAGE = YES_ERROR;
				CLANG_WARN_DOCUMENTATION_COMMENTS = YES;
				CLANG_WARN_EMPTY_BODY = YES;
				CLANG_WARN_ENUM_CONVERSION = YES;
				CLANG_WARN_INFINITE_RECURSION = YES;
				CLANG_WARN_INT_CONVERSION = YES;
				CLANG_WARN_NON_LITERAL_NULL_CONVERSION = YES;
				CLANG_WARN_OBJC_IMPLICIT_RETAIN_SELF = YES;
				CLANG_WARN_OBJC_LITERAL_CONVERSION = YES;
				CLANG_WARN_OBJC_ROOT_CLASS = YES_ERROR;
				CLANG_WARN_QUOTED_INCLUDE_IN_FRAMEWORK_HEADER = YES;
				CLANG_WARN_RANGE_LOOP_ANALYSIS = YES;
				CLANG_WARN_STRICT_PROTOTYPES = YES;
				CLANG_WARN_SUSPICIOUS_MOVE = YES;
				CLANG_WARN_UNGUARDED_AVAILABILITY = YES_AGGRESSIVE;
				CLANG_WARN_UNREACHABLE_CODE = YES;
				CLANG_WARN__DUPLICATE_METHOD_MATCH = YES;
				COPY_PHASE_STRIP = NO;
				DEBUG_INFORMATION_FORMAT = dwarf;
				ENABLE_STRICT_OBJC_MSGSEND = YES;
				ENABLE_TESTABILITY = YES;
				GCC_C_LANGUAGE_STANDARD = gnu11;
				GCC_DYNAMIC_NO_PIC = NO;
				GCC_NO_COMMON_BLOCKS = YES;
				GCC_OPTIMIZATION_LEVEL = 0;
				GCC_PREPROCESSOR_DEFINITIONS = (
					"$(inherited)",
					"DEBUG=1",
				);
				GCC_WARN_64_TO_32_BIT_CONVERSION = YES;
				GCC_WARN_ABOUT_RETURN_TYPE = YES_ERROR;
				GCC_WARN_UNDECLARED_SELECTOR = YES;
				GCC_WARN_UNINITIALIZED_AUTOS = YES_AGGRESSIVE;
				GCC_WARN_UNUSED_FUNCTION = YES;
				GCC_WARN_UNUSED_VARIABLE = YES;
				IPHONEOS_DEPLOYMENT_TARGET = 17.0;
				MTL_ENABLE_DEBUG_INFO = INCLUDE_SOURCE;
				MTL_FAST_MATH = YES;
				ONLY_ACTIVE_ARCH = YES;
				PRODUCT_NAME = "$(TARGET_NAME)";
				SDKROOT = iphoneos;
				SWIFT_ACTIVE_COMPILATION_CONDITIONS = DEBUG;
				SWIFT_OPTIMIZATION_LEVEL = "-Onone";
				SWIFT_VERSION = 5.0;
			};
			name = Debug;
		};
		E483EC43C68BED6029FA85F4 /* Debug */ = {
			isa = XCBuildConfiguration;
			buildSettings = {
				ASSETCATALOG_COMPILER_APPICON_NAME = AppIcon;
				CODE_SIGN_IDENTITY = "iPhone Developer";
				CURRENT_PROJECT_VERSION = 1;
				ENABLE_PREVIEWS = YES;
				INFOPLIST_FILE = FlipSide/Info.plist;
				IPHONEOS_DEPLOYMENT_TARGET = 17.0;
				LD_RUNPATH_SEARCH_PATHS = (
					"$(inherited)",
					"@executable_path/Frameworks",
				);
				MARKETING_VERSION = 1.0;
				PRODUCT_BUNDLE_IDENTIFIER = com.flipside.FlipSide;
				SDKROOT = iphoneos;
				SWIFT_VERSION = 5.9;
				TARGETED_DEVICE_FAMILY = 1;
			};
			name = Debug;
		};
/* End XCBuildConfiguration section */

/* Begin XCConfigurationList section */
		0469DB70CB6EEFE5CF80A83E /* Build configuration list for PBXProject "FlipSide" */ = {
			isa = XCConfigurationList;
			buildConfigurations = (
				A56637A8B645624C6FD871ED /* Debug */,
				4AA88C57398AE1F3CD8C3688 /* Release */,
			);
			defaultConfigurationIsVisible = 0;
			defaultConfigurationName = Debug;
		};
		E68C8568E4B278ACA0CFD8EC /* Build configuration list for PBXNativeTarget "FlipSide" */ = {
			isa = XCConfigurationList;
			buildConfigurations = (
				E483EC43C68BED6029FA85F4 /* Debug */,
				066E96F1A12BEBE6AFF2DA06 /* Release */,
			);
			defaultConfigurationIsVisible = 0;
			defaultConfigurationName = Debug;
		};
/* End XCConfigurationList section */
	};
	rootObject = D36EFDD00C50C27F099FAF6D /* Project object */;
}
